
Microsoft Visual Studio Solution File, Format Version 12.00
# Visual Studio Version 16
VisualStudioVersion = 16.0.29326.143
MinimumVisualStudioVersion = 10.0.40219.1
Project("{FAE04EC0-301F-11D3-BF4B-00C04F79EFBC}") = "AlgoLogistics", "AlgoLogistics\AlgoLogistics.csproj", "{6529E9E4-1C62-4C00-94A6-C89713717A58}"
EndProject
Project("{FAE04EC0-301F-11D3-BF4B-00C04F79EFBC}") = "AlgoLogistics.Algorithms", "AlgoLogistics.Algorithms\AlgoLogistics.Algorithms.csproj", "{670D382B-64E7-473A-A4BB-DD17B1E8EE8F}"
EndProject
Project("{FAE04EC0-301F-11D3-BF4B-00C04F79EFBC}") = "AlgoLogistics.Tests", "AlgoLogistics.Tests\AlgoLogistics.Tests.csproj", "{66B055AD-0BF6-45EF-93B5-C72A2B222687}"
EndProject
Project("{FAE04EC0-301F-11D3-BF4B-00C04F79EFBC}") = "AlgoLogistics.ConsoleTester", "AlgoLogistics.ConsoleTester\AlgoLogistics.ConsoleTester.csproj", "{F6065110-8100-40EE-A208-CDB9A79AC031}"
EndProject
Global
	GlobalSection(SolutionConfigurationPlatforms) = preSolution
		Debug|Any CPU = Debug|Any CPU
		Release|Any CPU = Release|Any CPU
	EndGlobalSection
	GlobalSection(ProjectConfigurationPlatforms) = postSolution
		{6529E9E4-1C62-4C00-94A6-C89713717A58}.Debug|Any CPU.ActiveCfg = Debug|Any CPU
		{6529E9E4-1C62-4C00-94A6-C89713717A58}.Debug|Any CPU.Build.0 = Debug|Any CPU
		{6529E9E4-1C62-4C00-94A6-C89713717A58}.Release|Any CPU.ActiveCfg = Release|Any CPU
		{6529E9E4-1C62-4C00-94A6-C89713717A58}.Release|Any CPU.Build.0 = Release|Any CPU
		{670D382B-64E7-473A-A4BB-DD17B1E8EE8F}.Debug|Any CPU.ActiveCfg = Debug|Any CPU
		{670D382B-64E7-473A-A4BB-DD17B1E8EE8F}.Debug|Any CPU.Build.0 = Debug|Any CPU
		{670D382B-64E7-473A-A4BB-DD17B1E8EE8F}.Release|Any CPU.ActiveCfg = Release|Any CPU
		{670D382B-64E7-473A-A4BB-DD17B1E8EE8F}.Release|Any CPU.Build.0 = Release|Any CPU
		{66B055AD-0BF6-45EF-93B5-C72A2B222687}.Debug|Any CPU.ActiveCfg = Debug|Any CPU
		{66B055AD-0BF6-45EF-93B5-C72A2B222687}.Debug|Any CPU.Build.0 = Debug|Any CPU
		{66B055AD-0BF6-45EF-93B5-C72A2B222687}.Release|Any CPU.ActiveCfg = Release|Any CPU
		{66B055AD-0BF6-45EF-93B5-C72A2B222687}.Release|Any CPU.Build.0 = Release|Any CPU
		{F6065110-8100-40EE-A208-CDB9A79AC031}.Debug|Any CPU.ActiveCfg = Debug|Any CPU
		{F6065110-8100-40EE-A208-CDB9A79AC031}.Debug|Any CPU.Build.0 = Debug|Any CPU
		{F6065110-8100-40EE-A208-CDB9A79AC031}.Release|Any CPU.ActiveCfg = Release|Any CPU
		{F6065110-8100-40EE-A208-CDB9A79AC031}.Release|Any CPU.Build.0 = Release|Any CPU
	EndGlobalSection
	GlobalSection(SolutionProperties) = preSolution
		HideSolutionNode = FALSE
	EndGlobalSection
	GlobalSection(ExtensibilityGlobals) = postSolution
		SolutionGuid = {8595CCB7-324E-433A-BA76-7E300C20C3B0}
	EndGlobalSection
EndGlobal
